
Microsoft Visual Studio Solution File, Format Version 12.00
# Visual Studio Version 16
VisualStudioVersion = 16.0.30011.22
MinimumVisualStudioVersion = 10.0.40219.1
Project("{FAE04EC0-301F-11D3-BF4B-00C04F79EFBC}") = "MusicShare", "MusicShare.csproj", "{5FC4CB6D-66AC-47C8-BA42-3F62503E0DA3}"
EndProject
Global
	GlobalSection(SolutionConfigurationPlatforms) = preSolution
		Debug|Any CPU = Debug|Any CPU
		Release|Any CPU = Release|Any CPU
	EndGlobalSection
	GlobalSection(ProjectConfigurationPlatforms) = postSolution
		{5FC4CB6D-66AC-47C8-BA42-3F62503E0DA3}.Debug|Any CPU.ActiveCfg = Debug|Any CPU
		{5FC4CB6D-66AC-47C8-BA42-3F62503E0DA3}.Debug|Any CPU.Build.0 = Debug|Any CPU
		{5FC4CB6D-66AC-47C8-BA42-3F62503E0DA3}.Release|Any CPU.ActiveCfg = Release|Any CPU
		{5FC4CB6D-66AC-47C8-BA42-3F62503E0DA3}.Release|Any CPU.Build.0 = Release|Any CPU
	EndGlobalSection
	GlobalSection(SolutionProperties) = preSolution
		HideSolutionNode = FALSE
	EndGlobalSection
	GlobalSection(ExtensibilityGlobals) = postSolution
		SolutionGuid = {290BF4F0-AB6B-473F-B45B-372CF5F97D70}
	EndGlobalSection
EndGlobal
